
Microsoft Visual Studio Solution File, Format Version 12.00
# Visual Studio Version 17
VisualStudioVersion = 17.11.35222.181
MinimumVisualStudioVersion = 10.0.40219.1
Project("{FAE04EC0-301F-11D3-BF4B-00C04F79EFBC}") = "Monogame Topic 7 - Keyboard and Mouse Events", "Monogame Topic 7 - Keyboard and Mouse Events\Monogame Topic 7 - Keyboard and Mouse Events.csproj", "{07AB32ED-4243-41C5-A4A9-576EE896C130}"
EndProject
Global
	GlobalSection(SolutionConfigurationPlatforms) = preSolution
		Debug|Any CPU = Debug|Any CPU
		Release|Any CPU = Release|Any CPU
	EndGlobalSection
	GlobalSection(ProjectConfigurationPlatforms) = postSolution
		{07AB32ED-4243-41C5-A4A9-576EE896C130}.Debug|Any CPU.ActiveCfg = Debug|Any CPU
		{07AB32ED-4243-41C5-A4A9-576EE896C130}.Debug|Any CPU.Build.0 = Debug|Any CPU
		{07AB32ED-4243-41C5-A4A9-576EE896C130}.Release|Any CPU.ActiveCfg = Release|Any CPU
		{07AB32ED-4243-41C5-A4A9-576EE896C130}.Release|Any CPU.Build.0 = Release|Any CPU
	EndGlobalSection
	GlobalSection(SolutionProperties) = preSolution
		HideSolutionNode = FALSE
	EndGlobalSection
	GlobalSection(ExtensibilityGlobals) = postSolution
		SolutionGuid = {78536D2E-40D1-4FAF-A51E-D9DC1F0AA1BC}
	EndGlobalSection
EndGlobal
